PODS:
  - AFNetworking (2.5.2):
    - AFNetworking/NSURLConnection (= 2.5.2)
    - AFNetworking/NSURLSession (= 2.5.2)
    - AFNetworking/Reachability (= 2.5.2)
    - AFNetworking/Security (= 2.5.2)
    - AFNetworking/Serialization (= 2.5.2)
    - AFNetworking/UIKit (= 2.5.2)
  - AFNetworking/NSURLConnection (2.5.2):
    - AFNetworking/Reachability
    - AFNetworking/Security
    - AFNetworking/Serialization
  - AFNetworking/NSURLSession (2.5.2):
    - AFNetworking/Reachability
    - AFNetworking/Security
    - AFNetworking/Serialization
  - AFNetworking/Reachability (2.5.2)
  - AFNetworking/Security (2.5.2)
  - AFNetworking/Serialization (2.5.2)
  - AFNetworking/UIKit (2.5.2):
    - AFNetworking/NSURLConnection
    - AFNetworking/NSURLSession
  - VIMNetworking (1.0.0):
    - AFNetworking

DEPENDENCIES:
  - VIMNetworking (from `https://github.com/FastSociety/VIMNetworking.git`, branch
    `cocoapod_framework`)

EXTERNAL SOURCES:
  VIMNetworking:
    :branch: cocoapod_framework
    :git: https://github.com/FastSociety/VIMNetworking.git
    :submodules: true

CHECKOUT OPTIONS:
  VIMNetworking:
    :commit: 7a06e6e3151f89024304a55b97e5e6beec11fb41
    :git: https://github.com/FastSociety/VIMNetworking.git

SPEC CHECKSUMS:
  AFNetworking: fefbce9660acb17f48ae0011292d4da0f457bf36
  VIMNetworking: b6f4408314768a516149f766c0879cffb27e9cf8

COCOAPODS: 0.36.4
